// !$*UTF8*$!
{
	archiveVersion = 1;
	classes = {
	};
	objectVersion = 46;
	objects = {

/* Begin PBXBuildFile section */
		7F497C0A1F3FF5E2002A152C /* main.swift in Sources */ = {isa = PBXBuildFile; fileRef = 7F497C091F3FF5E2002A152C /* main.swift */; };
		7F497C111F3FF60B002A152C /* tweet.swift in Sources */ = {isa = PBXBuildFile; fileRef = 7F497C101F3FF60B002A152C /* tweet.swift */; };
		7F497C131F3FF67E002A152C /* twitterUser.swift in Sources */ = {isa = PBXBuildFile; fileRef = 7F497C121F3FF67E002A152C /* twitterUser.swift */; };
		7F497C151F3FF6AB002A152C /* twitterSearch.swift in Sources */ = {isa = PBXBuildFile; fileRef = 7F497C141F3FF6AB002A152C /* twitterSearch.swift */; };
		7F497C171F3FF8D1002A152C /* twitterAPIQuery.swift in Sources */ = {isa = PBXBuildFile; fileRef = 7F497C161F3FF8D1002A152C /* twitterAPIQuery.swift */; };
/* End PBXBuildFile section */

/* Begin PBXCopyFilesBuildPhase section */
		7F497C041F3FF5E2002A152C /* CopyFiles */ = {
			isa = PBXCopyFilesBuildPhase;
			buildActionMask = 2147483647;
			dstPath = /usr/share/man/man1/;
			dstSubfolderSpec = 0;
			files = (
			);
			runOnlyForDeploymentPostprocessing = 1;
		};
/* End PBXCopyFilesBuildPhase section */

/* Begin PBXFileReference section */
		7F497C061F3FF5E2002A152C /* tweetSQL */ = {isa = PBXFileReference; explicitFileType = "compiled.mach-o.executable"; includeInIndex = 0; path = tweetSQL; sourceTree = BUILT_PRODUCTS_DIR; };
		7F497C091F3FF5E2002A152C /* main.swift */ = {isa = PBXFileReference; lastKnownFileType = sourcecode.swift; path = main.swift; sourceTree = "<group>"; };
		7F497C101F3FF60B002A152C /* tweet.swift */ = {isa = PBXFileReference; fileEncoding = 4; lastKnownFileType = sourcecode.swift; path = tweet.swift; sourceTree = "<group>"; };
		7F497C121F3FF67E002A152C /* twitterUser.swift */ = {isa = PBXFileReference; fileEncoding = 4; lastKnownFileType = sourcecode.swift; path = twitterUser.swift; sourceTree = "<group>"; };
		7F497C141F3FF6AB002A152C /* twitterSearch.swift */ = {isa = PBXFileReference; fileEncoding = 4; lastKnownFileType = sourcecode.swift; path = twitterSearch.swift; sourceTree = "<group>"; };
		7F497C161F3FF8D1002A152C /* twitterAPIQuery.swift */ = {isa = PBXFileReference; fileEncoding = 4; lastKnownFileType = sourcecode.swift; path = twitterAPIQuery.swift; sourceTree = "<group>"; };
/* End PBXFileReference section */

/* Begin PBXFrameworksBuildPhase section */
		7F497C031F3FF5E2002A152C /* Frameworks */ = {
			isa = PBXFrameworksBuildPhase;
			buildActionMask = 2147483647;
			files = (
			);
			runOnlyForDeploymentPostprocessing = 0;
		};
/* End PBXFrameworksBuildPhase section */

/* Begin PBXGroup section */
		7F497BFD1F3FF5E2002A152C = {
			isa = PBXGroup;
			children = (
				7F497C081F3FF5E2002A152C /* tweetSQL */,
				7F497C071F3FF5E2002A152C /* Products */,
			);
			sourceTree = "<group>";
		};
		7F497C071F3FF5E2002A152C /* Products */ = {
			isa = PBXGroup;
			children = (
				7F497C061F3FF5E2002A152C /* tweetSQL */,
			);
			name = Products;
			sourceTree = "<group>";
		};
		7F497C081F3FF5E2002A152C /* tweetSQL */ = {
			isa = PBXGroup;
			children = (
				7F497C091F3FF5E2002A152C /* main.swift */,
				7F497C101F3FF60B002A152C /* tweet.swift */,
				7F497C121F3FF67E002A152C /* twitterUser.swift */,
				7F497C141F3FF6AB002A152C /* twitterSearch.swift */,
				7F497C161F3FF8D1002A152C /* twitterAPIQuery.swift */,
			);
			path = tweetSQL;
			sourceTree = "<group>";
		};
/* End PBXGroup section */

/* Begin PBXNativeTarget section */
		7F497C051F3FF5E2002A152C /* tweetSQL */ = {
			isa = PBXNativeTarget;
			buildConfigurationList = 7F497C0D1F3FF5E2002A152C /* Build configuration list for PBXNativeTarget "tweetSQL" */;
			buildPhases = (
				7F497C021F3FF5E2002A152C /* Sources */,
				7F497C031F3FF5E2002A152C /* Frameworks */,
				7F497C041F3FF5E2002A152C /* CopyFiles */,
			);
			buildRules = (
			);
			dependencies = (
			);
			name = tweetSQL;
			productName = tweetSQL;
			productReference = 7F497C061F3FF5E2002A152C /* tweetSQL */;
			productType = "com.apple.product-type.tool";
		};
/* End PBXNativeTarget section */

/* Begin PBXProject section */
		7F497BFE1F3FF5E2002A152C /* Project object */ = {
			isa = PBXProject;
			attributes = {
				LastSwiftUpdateCheck = 0830;
				LastUpgradeCheck = 0830;
				ORGANIZATIONNAME = "TLA Designs";
				TargetAttributes = {
					7F497C051F3FF5E2002A152C = {
						CreatedOnToolsVersion = 8.3.3;
						ProvisioningStyle = Automatic;
					};
				};
			};
			buildConfigurationList = 7F497C011F3FF5E2002A152C /* Build configuration list for PBXProject "tweetSQL" */;
			compatibilityVersion = "Xcode 3.2";
			developmentRegion = English;
			hasScannedForEncodings = 0;
			knownRegions = (
				en,
			);
			mainGroup = 7F497BFD1F3FF5E2002A152C;
			productRefGroup = 7F497C071F3FF5E2002A152C /* Products */;
			projectDirPath = "";
			projectRoot = "";
			targets = (
				7F497C051F3FF5E2002A152C /* tweetSQL */,
			);
		};
/* End PBXProject section */

/* Begin PBXSourcesBuildPhase section */
		7F497C021F3FF5E2002A152C /* Sources */ = {
			isa = PBXSourcesBuildPhase;
			buildActionMask = 2147483647;
			files = (
				7F497C131F3FF67E002A152C /* twitterUser.swift in Sources */,
				7F497C0A1F3FF5E2002A152C /* main.swift in Sources */,
				7F497C111F3FF60B002A152C /* tweet.swift in Sources */,
				7F497C171F3FF8D1002A152C /* twitterAPIQuery.swift in Sources */,
				7F497C151F3FF6AB002A152C /* twitterSearch.swift in Sources */,
			);
			runOnlyForDeploymentPostprocessing = 0;
		};
/* End PBXSourcesBuildPhase section */

/* Begin XCBuildConfiguration section */
		7F497C0B1F3FF5E2002A152C /* Debug */ = {
			isa = XCBuildConfiguration;
			buildSettings = {
				ALWAYS_SEARCH_USER_PATHS = NO;
				CLANG_ANALYZER_NONNULL = YES;
				CLANG_ANALYZER_NUMBER_OBJECT_CONVERSION = YES_AGGRESSIVE;
				CLANG_CXX_LANGUAGE_STANDARD = "gnu++0x";
				CLANG_CXX_LIBRARY = "libc++";
				CLANG_ENABLE_MODULES = YES;
				CLANG_ENABLE_OBJC_ARC = YES;
				CLANG_WARN_BOOL_CONVERSION = YES;
				CLANG_WARN_CONSTANT_CONVERSION = YES;
				CLANG_WARN_DIRECT_OBJC_ISA_USAGE = YES_ERROR;
				CLANG_WARN_DOCUMENTATION_COMMENTS = YES;
				CLANG_WARN_EMPTY_BODY = YES;
				CLANG_WARN_ENUM_CONVERSION = YES;
				CLANG_WARN_INFINITE_RECURSION = YES;
				CLANG_WARN_INT_CONVERSION = YES;
				CLANG_WARN_OBJC_ROOT_CLASS = YES_ERROR;
				CLANG_WARN_SUSPICIOUS_MOVE = YES;
				CLANG_WARN_UNREACHABLE_CODE = YES;
				CLANG_WARN__DUPLICATE_METHOD_MATCH = YES;
				CODE_SIGN_IDENTITY = "-";
				COPY_PHASE_STRIP = NO;
				DEBUG_INFORMATION_FORMAT = dwarf;
				ENABLE_STRICT_OBJC_MSGSEND = YES;
				ENABLE_TESTABILITY = YES;
				GCC_C_LANGUAGE_STANDARD = gnu99;
				GCC_DYNAMIC_NO_PIC = NO;
				GCC_NO_COMMON_BLOCKS = YES;
				GCC_OPTIMIZATION_LEVEL = 0;
				GCC_PREPROCESSOR_DEFINITIONS = (
					"DEBUG=1",
					"$(inherited)",
				);
				GCC_WARN_64_TO_32_BIT_CONVERSION = YES;
				GCC_WARN_ABOUT_RETURN_TYPE = YES_ERROR;
				GCC_WARN_UNDECLARED_SELECTOR = YES;
				GCC_WARN_UNINITIALIZED_AUTOS = YES_AGGRESSIVE;
				GCC_WARN_UNUSED_FUNCTION = YES;
				GCC_WARN_UNUSED_VARIABLE = YES;
				MACOSX_DEPLOYMENT_TARGET = 10.12;
				MTL_ENABLE_DEBUG_INFO = YES;
				ONLY_ACTIVE_ARCH = YES;
				SDKROOT = macosx;
				SWIFT_OPTIMIZATION_LEVEL = "-Onone";
			};
			name = Debug;
		};
		7F497C0C1F3FF5E2002A152C /* Release */ = {
			isa = XCBuildConfiguration;
			buildSettings = {
				ALWAYS_SEARCH_USER_PATHS = NO;
				CLANG_ANALYZER_NONNULL = YES;
				CLANG_ANALYZER_NUMBER_OBJECT_CONVERSION = YES_AGGRESSIVE;
				CLANG_CXX_LANGUAGE_STANDARD = "gnu++0x";
				CLANG_CXX_LIBRARY = "libc++";
				CLANG_ENABLE_MODULES = YES;
				CLANG_ENABLE_OBJC_ARC = YES;
				CLANG_WARN_BOOL_CONVERSION = YES;
				CLANG_WARN_CONSTANT_CONVERSION = YES;
				CLANG_WARN_DIRECT_OBJC_ISA_USAGE = YES_ERROR;
				CLANG_WARN_DOCUMENTATION_COMMENTS = YES;
				CLANG_WARN_EMPTY_BODY = YES;
				CLANG_WARN_ENUM_CONVERSION = YES;
				CLANG_WARN_INFINITE_RECURSION = YES;
				CLANG_WARN_INT_CONVERSION = YES;
				CLANG_WARN_OBJC_ROOT_CLASS = YES_ERROR;
				CLANG_WARN_SUSPICIOUS_MOVE = YES;
				CLANG_WARN_UNREACHABLE_CODE = YES;
				CLANG_WARN__DUPLICATE_METHOD_MATCH = YES;
				CODE_SIGN_IDENTITY = "-";
				COPY_PHASE_STRIP = NO;
				DEBUG_INFORMATION_FORMAT = "dwarf-with-dsym";
				ENABLE_NS_ASSERTIONS = NO;
				ENABLE_STRICT_OBJC_MSGSEND = YES;
				GCC_C_LANGUAGE_STANDARD = gnu99;
				GCC_NO_COMMON_BLOCKS = YES;
				GCC_WARN_64_TO_32_BIT_CONVERSION = YES;
				GCC_WARN_ABOUT_RETURN_TYPE = YES_ERROR;
				GCC_WARN_UNDECLARED_SELECTOR = YES;
				GCC_WARN_UNINITIALIZED_AUTOS = YES_AGGRESSIVE;
				GCC_WARN_UNUSED_FUNCTION = YES;
				GCC_WARN_UNUSED_VARIABLE = YES;
				MACOSX_DEPLOYMENT_TARGET = 10.12;
				MTL_ENABLE_DEBUG_INFO = NO;
				SDKROOT = macosx;
			};
			name = Release;
		};
		7F497C0E1F3FF5E2002A152C /* Debug */ = {
			isa = XCBuildConfiguration;
			buildSettings = {
				PRODUCT_NAME = "$(TARGET_NAME)";
				SWIFT_VERSION = 3.0;
			};
			name = Debug;
		};
		7F497C0F1F3FF5E2002A152C /* Release */ = {
			isa = XCBuildConfiguration;
			buildSettings = {
				PRODUCT_NAME = "$(TARGET_NAME)";
				SWIFT_VERSION = 3.0;
			};
			name = Release;
		};
/* End XCBuildConfiguration section */

/* Begin XCConfigurationList section */
		7F497C011F3FF5E2002A152C /* Build configuration list for PBXProject "tweetSQL" */ = {
			isa = XCConfigurationList;
			buildConfigurations = (
				7F497C0B1F3FF5E2002A152C /* Debug */,
				7F497C0C1F3FF5E2002A152C /* Release */,
			);
			defaultConfigurationIsVisible = 0;
			defaultConfigurationName = Release;
		};
		7F497C0D1F3FF5E2002A152C /* Build configuration list for PBXNativeTarget "tweetSQL" */ = {
			isa = XCConfigurationList;
			buildConfigurations = (
				7F497C0E1F3FF5E2002A152C /* Debug */,
				7F497C0F1F3FF5E2002A152C /* Release */,
			);
			defaultConfigurationIsVisible = 0;
			defaultConfigurationName = Release;
		};
/* End XCConfigurationList section */
	};
	rootObject = 7F497BFE1F3FF5E2002A152C /* Project object */;
}
